# This file is automatically @generated by Cargo.
# It is not intended for manual editing.
version = 3

[[package]]
name = "libmem"
version = "0.1.2"
source = "registry+https://github.com/rust-lang/crates.io-index"
checksum = "3a91239846ae155b07f371d8baef4b5649fcfa3ee38fd8ce5aad15087cf0c9d2"

[[package]]
name = "process_enumeration"
version = "0.1.0"
dependencies = [
 "libmem",
]
