# This file is automatically @generated by Cargo.
# It is not intended for manual editing.
version = 3

[[package]]
name = "libmem"
version = "4.1.0"
source = "registry+https://github.com/rust-lang/crates.io-index"
checksum = "f07d2ba97ca97894be08c46547c0a30b845135242af0363d618c80f0059ca338"

[[package]]
name = "process_enumeration"
version = "0.1.0"
dependencies = [
 "libmem",
]
