# This file is automatically @generated by Cargo.
# It is not intended for manual editing.
version = 3

[[package]]
name = "libmem"
version = "4.0.0"
source = "registry+https://github.com/rust-lang/crates.io-index"
checksum = "489f0360c148be6064bcaabe563ac8cfed26bdeae9e1e18dea85a0a5dd3e23dc"

[[package]]
name = "process_enumeration"
version = "0.1.0"
dependencies = [
 "libmem",
]
